
Microsoft Visual Studio Solution File, Format Version 12.00
# Visual Studio Version 16
VisualStudioVersion = 16.0.810.20
MinimumVisualStudioVersion = 10.0.40219.1
Project("{FAE04EC0-301F-11D3-BF4B-00C04F79EFBC}") = "Abst_Polmorph_Interf_Sealed", "Abst_Polmorph_Interf_Sealed.csproj", "{C81DBB45-8174-4F8E-BB84-38202347AA3C}"
EndProject
Global
	GlobalSection(SolutionConfigurationPlatforms) = preSolution
		Debug|Any CPU = Debug|Any CPU
		Release|Any CPU = Release|Any CPU
	EndGlobalSection
	GlobalSection(ProjectConfigurationPlatforms) = postSolution
		{C81DBB45-8174-4F8E-BB84-38202347AA3C}.Debug|Any CPU.ActiveCfg = Debug|Any CPU
		{C81DBB45-8174-4F8E-BB84-38202347AA3C}.Debug|Any CPU.Build.0 = Debug|Any CPU
		{C81DBB45-8174-4F8E-BB84-38202347AA3C}.Release|Any CPU.ActiveCfg = Release|Any CPU
		{C81DBB45-8174-4F8E-BB84-38202347AA3C}.Release|Any CPU.Build.0 = Release|Any CPU
	EndGlobalSection
	GlobalSection(SolutionProperties) = preSolution
		HideSolutionNode = FALSE
	EndGlobalSection
	GlobalSection(ExtensibilityGlobals) = postSolution
		SolutionGuid = {8E294881-30AE-4796-8850-7EBCB0630768}
	EndGlobalSection
EndGlobal
